
Microsoft Visual Studio Solution File, Format Version 12.00
# Visual Studio Version 16
VisualStudioVersion = 16.0.32901.82
MinimumVisualStudioVersion = 10.0.40219.1
Project("{FAE04EC0-301F-11D3-BF4B-00C04F79EFBC}") = "n01553010_AndrewBarker_Assign1", "n01553010_AndrewBarker_Assign1\n01553010_AndrewBarker_Assign1.csproj", "{4ECCF211-DEE1-4528-91D4-0F0F159D0852}"
EndProject
Global
	GlobalSection(SolutionConfigurationPlatforms) = preSolution
		Debug|Any CPU = Debug|Any CPU
		Release|Any CPU = Release|Any CPU
	EndGlobalSection
	GlobalSection(ProjectConfigurationPlatforms) = postSolution
		{4ECCF211-DEE1-4528-91D4-0F0F159D0852}.Debug|Any CPU.ActiveCfg = Debug|Any CPU
		{4ECCF211-DEE1-4528-91D4-0F0F159D0852}.Debug|Any CPU.Build.0 = Debug|Any CPU
		{4ECCF211-DEE1-4528-91D4-0F0F159D0852}.Release|Any CPU.ActiveCfg = Release|Any CPU
		{4ECCF211-DEE1-4528-91D4-0F0F159D0852}.Release|Any CPU.Build.0 = Release|Any CPU
	EndGlobalSection
	GlobalSection(SolutionProperties) = preSolution
		HideSolutionNode = FALSE
	EndGlobalSection
	GlobalSection(ExtensibilityGlobals) = postSolution
		SolutionGuid = {04C4A7F1-A93F-478D-A296-BEBBCFEE669A}
	EndGlobalSection
EndGlobal
